
Microsoft Visual Studio Solution File, Format Version 12.00
# Visual Studio Version 17
VisualStudioVersion = 17.9.34701.34
MinimumVisualStudioVersion = 10.0.40219.1
Project("{FAE04EC0-301F-11D3-BF4B-00C04F79EFBC}") = "Consoleapp", "Consoleapp\Consoleapp.csproj", "{FEA9E620-2246-4B11-97BE-44E90B072C01}"
EndProject
Global
	GlobalSection(SolutionConfigurationPlatforms) = preSolution
		Debug|Any CPU = Debug|Any CPU
		Release|Any CPU = Release|Any CPU
	EndGlobalSection
	GlobalSection(ProjectConfigurationPlatforms) = postSolution
		{FEA9E620-2246-4B11-97BE-44E90B072C01}.Debug|Any CPU.ActiveCfg = Debug|Any CPU
		{FEA9E620-2246-4B11-97BE-44E90B072C01}.Debug|Any CPU.Build.0 = Debug|Any CPU
		{FEA9E620-2246-4B11-97BE-44E90B072C01}.Release|Any CPU.ActiveCfg = Release|Any CPU
		{FEA9E620-2246-4B11-97BE-44E90B072C01}.Release|Any CPU.Build.0 = Release|Any CPU
	EndGlobalSection
	GlobalSection(SolutionProperties) = preSolution
		HideSolutionNode = FALSE
	EndGlobalSection
	GlobalSection(ExtensibilityGlobals) = postSolution
		SolutionGuid = {E9811021-18E2-4E6A-90E2-ABBD731516D3}
	EndGlobalSection
EndGlobal
